
Microsoft Visual Studio Solution File, Format Version 12.00
# Visual Studio Version 16
VisualStudioVersion = 16.0.34729.46
MinimumVisualStudioVersion = 10.0.40219.1
Project("{FAE04EC0-301F-11D3-BF4B-00C04F79EFBC}") = "AlisverisSistemiWindowsFormsApp", "AlisverisSistemiWindowsFormsApp\AlisverisSistemiWindowsFormsApp.csproj", "{09936840-E992-4A6F-93FE-3CFFC0B15F4F}"
EndProject
Global
	GlobalSection(SolutionConfigurationPlatforms) = preSolution
		Debug|Any CPU = Debug|Any CPU
		Release|Any CPU = Release|Any CPU
	EndGlobalSection
	GlobalSection(ProjectConfigurationPlatforms) = postSolution
		{09936840-E992-4A6F-93FE-3CFFC0B15F4F}.Debug|Any CPU.ActiveCfg = Debug|Any CPU
		{09936840-E992-4A6F-93FE-3CFFC0B15F4F}.Debug|Any CPU.Build.0 = Debug|Any CPU
		{09936840-E992-4A6F-93FE-3CFFC0B15F4F}.Release|Any CPU.ActiveCfg = Release|Any CPU
		{09936840-E992-4A6F-93FE-3CFFC0B15F4F}.Release|Any CPU.Build.0 = Release|Any CPU
	EndGlobalSection
	GlobalSection(SolutionProperties) = preSolution
		HideSolutionNode = FALSE
	EndGlobalSection
	GlobalSection(ExtensibilityGlobals) = postSolution
		SolutionGuid = {6B8AB11B-5525-428D-8A24-DF519005D49E}
	EndGlobalSection
EndGlobal
